// !$*UTF8*$!
{
	archiveVersion = 1;
	classes = {
	};
	objectVersion = 46;
	objects = {

/* Begin PBXBuildFile section */
		232917D3187C3E2000D869DA /* Foundation.framework in Frameworks */ = {isa = PBXBuildFile; fileRef = 232917D2187C3E2000D869DA /* Foundation.framework */; };
		232917D5187C3E2000D869DA /* CoreGraphics.framework in Frameworks */ = {isa = PBXBuildFile; fileRef = 232917D4187C3E2000D869DA /* CoreGraphics.framework */; };
		232917D7187C3E2000D869DA /* UIKit.framework in Frameworks */ = {isa = PBXBuildFile; fileRef = 232917D6187C3E2000D869DA /* UIKit.framework */; };
		232917DD187C3E2000D869DA /* InfoPlist.strings in Resources */ = {isa = PBXBuildFile; fileRef = 232917DB187C3E2000D869DA /* InfoPlist.strings */; };
		232917DF187C3E2000D869DA /* main.m in Sources */ = {isa = PBXBuildFile; fileRef = 232917DE187C3E2000D869DA /* main.m */; };
		232917E3187C3E2000D869DA /* AppDelegate.m in Sources */ = {isa = PBXBuildFile; fileRef = 232917E2187C3E2000D869DA /* AppDelegate.m */; };
		232917E6187C3E2000D869DA /* Main_iPhone.storyboard in Resources */ = {isa = PBXBuildFile; fileRef = 232917E4187C3E2000D869DA /* Main_iPhone.storyboard */; };
		232917E9187C3E2000D869DA /* Main_iPad.storyboard in Resources */ = {isa = PBXBuildFile; fileRef = 232917E7187C3E2000D869DA /* Main_iPad.storyboard */; };
		232917EC187C3E2000D869DA /* ViewController.m in Sources */ = {isa = PBXBuildFile; fileRef = 232917EB187C3E2000D869DA /* ViewController.m */; };
		232917EE187C3E2000D869DA /* Images.xcassets in Resources */ = {isa = PBXBuildFile; fileRef = 232917ED187C3E2000D869DA /* Images.xcassets */; };
		232917F5187C3E2000D869DA /* XCTest.framework in Frameworks */ = {isa = PBXBuildFile; fileRef = 232917F4187C3E2000D869DA /* XCTest.framework */; };
		232917F6187C3E2000D869DA /* Foundation.framework in Frameworks */ = {isa = PBXBuildFile; fileRef = 232917D2187C3E2000D869DA /* Foundation.framework */; };
		232917F7187C3E2000D869DA /* UIKit.framework in Frameworks */ = {isa = PBXBuildFile; fileRef = 232917D6187C3E2000D869DA /* UIKit.framework */; };
		232917FF187C3E2000D869DA /* InfoPlist.strings in Resources */ = {isa = PBXBuildFile; fileRef = 232917FD187C3E2000D869DA /* InfoPlist.strings */; };
		23291801187C3E2000D869DA /* LMPopupViewControllerTests.m in Sources */ = {isa = PBXBuildFile; fileRef = 23291800187C3E2000D869DA /* LMPopupViewControllerTests.m */; };
		2329180F187C3EB100D869DA /* MJPopupBackgroundView.m in Sources */ = {isa = PBXBuildFile; fileRef = 2329180C187C3EB100D869DA /* MJPopupBackgroundView.m */; };
		23291810187C3EB100D869DA /* UIViewController+MJPopupViewController.m in Sources */ = {isa = PBXBuildFile; fileRef = 2329180E187C3EB100D869DA /* UIViewController+MJPopupViewController.m */; };
/* End PBXBuildFile section */

/* Begin PBXContainerItemProxy section */
		232917F8187C3E2000D869DA /* PBXContainerItemProxy */ = {
			isa = PBXContainerItemProxy;
			containerPortal = 232917C7187C3E2000D869DA /* Project object */;
			proxyType = 1;
			remoteGlobalIDString = 232917CE187C3E2000D869DA;
			remoteInfo = LMPopupViewController;
		};
/* End PBXContainerItemProxy section */

/* Begin PBXFileReference section */
		232917CF187C3E2000D869DA /* LMPopupViewController.app */ = {isa = PBXFileReference; explicitFileType = wrapper.application; includeInIndex = 0; path = LMPopupViewController.app; sourceTree = BUILT_PRODUCTS_DIR; };
		232917D2187C3E2000D869DA /* Foundation.framework */ = {isa = PBXFileReference; lastKnownFileType = wrapper.framework; name = Foundation.framework; path = System/Library/Frameworks/Foundation.framework; sourceTree = SDKROOT; };
		232917D4187C3E2000D869DA /* CoreGraphics.framework */ = {isa = PBXFileReference; lastKnownFileType = wrapper.framework; name = CoreGraphics.framework; path = System/Library/Frameworks/CoreGraphics.framework; sourceTree = SDKROOT; };
		232917D6187C3E2000D869DA /* UIKit.framework */ = {isa = PBXFileReference; lastKnownFileType = wrapper.framework; name = UIKit.framework; path = System/Library/Frameworks/UIKit.framework; sourceTree = SDKROOT; };
		232917DA187C3E2000D869DA /* LMPopupViewController-Info.plist */ = {isa = PBXFileReference; lastKnownFileType = text.plist.xml; path = "LMPopupViewController-Info.plist"; sourceTree = "<group>"; };
		232917DC187C3E2000D869DA /* en */ = {isa = PBXFileReference; lastKnownFileType = text.plist.strings; name = en; path = en.lproj/InfoPlist.strings; sourceTree = "<group>"; };
		232917DE187C3E2000D869DA /* main.m */ = {isa = PBXFileReference; lastKnownFileType = sourcecode.c.objc; path = main.m; sourceTree = "<group>"; };
		232917E0187C3E2000D869DA /* LMPopupViewController-Prefix.pch */ = {isa = PBXFileReference; lastKnownFileType = sourcecode.c.h; path = "LMPopupViewController-Prefix.pch"; sourceTree = "<group>"; };
		232917E1187C3E2000D869DA /* AppDelegate.h */ = {isa = PBXFileReference; lastKnownFileType = sourcecode.c.h; path = AppDelegate.h; sourceTree = "<group>"; };
		232917E2187C3E2000D869DA /* AppDelegate.m */ = {isa = PBXFileReference; lastKnownFileType = sourcecode.c.objc; path = AppDelegate.m; sourceTree = "<group>"; };
		232917E5187C3E2000D869DA /* Base */ = {isa = PBXFileReference; lastKnownFileType = file.storyboard; name = Base; path = Base.lproj/Main_iPhone.storyboard; sourceTree = "<group>"; };
		232917E8187C3E2000D869DA /* Base */ = {isa = PBXFileReference; lastKnownFileType = file.storyboard; name = Base; path = Base.lproj/Main_iPad.storyboard; sourceTree = "<group>"; };
		232917EA187C3E2000D869DA /* ViewController.h */ = {isa = PBXFileReference; lastKnownFileType = sourcecode.c.h; path = ViewController.h; sourceTree = "<group>"; };
		232917EB187C3E2000D869DA /* ViewController.m */ = {isa = PBXFileReference; lastKnownFileType = sourcecode.c.objc; path = ViewController.m; sourceTree = "<group>"; };
		232917ED187C3E2000D869DA /* Images.xcassets */ = {isa = PBXFileReference; lastKnownFileType = folder.assetcatalog; path = Images.xcassets; sourceTree = "<group>"; };
		232917F3187C3E2000D869DA /* LMPopupViewControllerTests.xctest */ = {isa = PBXFileReference; explicitFileType = wrapper.cfbundle; includeInIndex = 0; path = LMPopupViewControllerTests.xctest; sourceTree = BUILT_PRODUCTS_DIR; };
		232917F4187C3E2000D869DA /* XCTest.framework */ = {isa = PBXFileReference; lastKnownFileType = wrapper.framework; name = XCTest.framework; path = Library/Frameworks/XCTest.framework; sourceTree = DEVELOPER_DIR; };
		232917FC187C3E2000D869DA /* LMPopupViewControllerTests-Info.plist */ = {isa = PBXFileReference; lastKnownFileType = text.plist.xml; path = "LMPopupViewControllerTests-Info.plist"; sourceTree = "<group>"; };
		232917FE187C3E2000D869DA /* en */ = {isa = PBXFileReference; lastKnownFileType = text.plist.strings; name = en; path = en.lproj/InfoPlist.strings; sourceTree = "<group>"; };
		23291800187C3E2000D869DA /* LMPopupViewControllerTests.m */ = {isa = PBXFileReference; lastKnownFileType = sourcecode.c.objc; path = LMPopupViewControllerTests.m; sourceTree = "<group>"; };
		2329180B187C3EB100D869DA /* MJPopupBackgroundView.h */ = {isa = PBXFileReference; fileEncoding = 4; lastKnownFileType = sourcecode.c.h; path = MJPopupBackgroundView.h; sourceTree = "<group>"; };
		2329180C187C3EB100D869DA /* MJPopupBackgroundView.m */ = {isa = PBXFileReference; fileEncoding = 4; lastKnownFileType = sourcecode.c.objc; path = MJPopupBackgroundView.m; sourceTree = "<group>"; };
		2329180D187C3EB100D869DA /* UIViewController+MJPopupViewController.h */ = {isa = PBXFileReference; fileEncoding = 4; lastKnownFileType = sourcecode.c.h; path = "UIViewController+MJPopupViewController.h"; sourceTree = "<group>"; };
		2329180E187C3EB100D869DA /* UIViewController+MJPopupViewController.m */ = {isa = PBXFileReference; fileEncoding = 4; lastKnownFileType = sourcecode.c.objc; path = "UIViewController+MJPopupViewController.m"; sourceTree = "<group>"; };
/* End PBXFileReference section */

/* Begin PBXFrameworksBuildPhase section */
		232917CC187C3E2000D869DA /* Frameworks */ = {
			isa = PBXFrameworksBuildPhase;
			buildActionMask = 2147483647;
			files = (
				232917D5187C3E2000D869DA /* CoreGraphics.framework in Frameworks */,
				232917D7187C3E2000D869DA /* UIKit.framework in Frameworks */,
				232917D3187C3E2000D869DA /* Foundation.framework in Frameworks */,
			);
			runOnlyForDeploymentPostprocessing = 0;
		};
		232917F0187C3E2000D869DA /* Frameworks */ = {
			isa = PBXFrameworksBuildPhase;
			buildActionMask = 2147483647;
			files = (
				232917F5187C3E2000D869DA /* XCTest.framework in Frameworks */,
				232917F7187C3E2000D869DA /* UIKit.framework in Frameworks */,
				232917F6187C3E2000D869DA /* Foundation.framework in Frameworks */,
			);
			runOnlyForDeploymentPostprocessing = 0;
		};
/* End PBXFrameworksBuildPhase section */

/* Begin PBXGroup section */
		232917C6187C3E2000D869DA = {
			isa = PBXGroup;
			children = (
				232917D8187C3E2000D869DA /* LMPopupViewController */,
				232917FA187C3E2000D869DA /* LMPopupViewControllerTests */,
				232917D1187C3E2000D869DA /* Frameworks */,
				232917D0187C3E2000D869DA /* Products */,
			);
			sourceTree = "<group>";
		};
		232917D0187C3E2000D869DA /* Products */ = {
			isa = PBXGroup;
			children = (
				232917CF187C3E2000D869DA /* LMPopupViewController.app */,
				232917F3187C3E2000D869DA /* LMPopupViewControllerTests.xctest */,
			);
			name = Products;
			sourceTree = "<group>";
		};
		232917D1187C3E2000D869DA /* Frameworks */ = {
			isa = PBXGroup;
			children = (
				232917D2187C3E2000D869DA /* Foundation.framework */,
				232917D4187C3E2000D869DA /* CoreGraphics.framework */,
				232917D6187C3E2000D869DA /* UIKit.framework */,
				232917F4187C3E2000D869DA /* XCTest.framework */,
			);
			name = Frameworks;
			sourceTree = "<group>";
		};
		232917D8187C3E2000D869DA /* LMPopupViewController */ = {
			isa = PBXGroup;
			children = (
				2329180A187C3EB100D869DA /* Source */,
				232917E1187C3E2000D869DA /* AppDelegate.h */,
				232917E2187C3E2000D869DA /* AppDelegate.m */,
				232917E4187C3E2000D869DA /* Main_iPhone.storyboard */,
				232917E7187C3E2000D869DA /* Main_iPad.storyboard */,
				232917EA187C3E2000D869DA /* ViewController.h */,
				232917EB187C3E2000D869DA /* ViewController.m */,
				232917ED187C3E2000D869DA /* Images.xcassets */,
				232917D9187C3E2000D869DA /* Supporting Files */,
			);
			path = LMPopupViewController;
			sourceTree = "<group>";
		};
		232917D9187C3E2000D869DA /* Supporting Files */ = {
			isa = PBXGroup;
			children = (
				232917DA187C3E2000D869DA /* LMPopupViewController-Info.plist */,
				232917DB187C3E2000D869DA /* InfoPlist.strings */,
				232917DE187C3E2000D869DA /* main.m */,
				232917E0187C3E2000D869DA /* LMPopupViewController-Prefix.pch */,
			);
			name = "Supporting Files";
			sourceTree = "<group>";
		};
		232917FA187C3E2000D869DA /* LMPopupViewControllerTests */ = {
			isa = PBXGroup;
			children = (
				23291800187C3E2000D869DA /* LMPopupViewControllerTests.m */,
				232917FB187C3E2000D869DA /* Supporting Files */,
			);
			path = LMPopupViewControllerTests;
			sourceTree = "<group>";
		};
		232917FB187C3E2000D869DA /* Supporting Files */ = {
			isa = PBXGroup;
			children = (
				232917FC187C3E2000D869DA /* LMPopupViewControllerTests-Info.plist */,
				232917FD187C3E2000D869DA /* InfoPlist.strings */,
			);
			name = "Supporting Files";
			sourceTree = "<group>";
		};
		2329180A187C3EB100D869DA /* Source */ = {
			isa = PBXGroup;
			children = (
				2329180B187C3EB100D869DA /* MJPopupBackgroundView.h */,
				2329180C187C3EB100D869DA /* MJPopupBackgroundView.m */,
				2329180D187C3EB100D869DA /* UIViewController+MJPopupViewController.h */,
				2329180E187C3EB100D869DA /* UIViewController+MJPopupViewController.m */,
			);
			path = Source;
			sourceTree = "<group>";
		};
/* End PBXGroup section */

/* Begin PBXNativeTarget section */
		232917CE187C3E2000D869DA /* LMPopupViewController */ = {
			isa = PBXNativeTarget;
			buildConfigurationList = 23291804187C3E2000D869DA /* Build configuration list for PBXNativeTarget "LMPopupViewController" */;
			buildPhases = (
				232917CB187C3E2000D869DA /* Sources */,
				232917CC187C3E2000D869DA /* Frameworks */,
				232917CD187C3E2000D869DA /* Resources */,
			);
			buildRules = (
			);
			dependencies = (
			);
			name = LMPopupViewController;
			productName = LMPopupViewController;
			productReference = 232917CF187C3E2000D869DA /* LMPopupViewController.app */;
			productType = "com.apple.product-type.application";
		};
		232917F2187C3E2000D869DA /* LMPopupViewControllerTests */ = {
			isa = PBXNativeTarget;
			buildConfigurationList = 23291807187C3E2000D869DA /* Build configuration list for PBXNativeTarget "LMPopupViewControllerTests" */;
			buildPhases = (
				232917EF187C3E2000D869DA /* Sources */,
				232917F0187C3E2000D869DA /* Frameworks */,
				232917F1187C3E2000D869DA /* Resources */,
			);
			buildRules = (
			);
			dependencies = (
				232917F9187C3E2000D869DA /* PBXTargetDependency */,
			);
			name = LMPopupViewControllerTests;
			productName = LMPopupViewControllerTests;
			productReference = 232917F3187C3E2000D869DA /* LMPopupViewControllerTests.xctest */;
			productType = "com.apple.product-type.bundle.unit-test";
		};
/* End PBXNativeTarget section */

/* Begin PBXProject section */
		232917C7187C3E2000D869DA /* Project object */ = {
			isa = PBXProject;
			attributes = {
				LastUpgradeCheck = 0500;
				ORGANIZATIONNAME = "Left Mobile";
				TargetAttributes = {
					232917F2187C3E2000D869DA = {
						TestTargetID = 232917CE187C3E2000D869DA;
					};
				};
			};
			buildConfigurationList = 232917CA187C3E2000D869DA /* Build configuration list for PBXProject "LMPopupViewController" */;
			compatibilityVersion = "Xcode 3.2";
			developmentRegion = English;
			hasScannedForEncodings = 0;
			knownRegions = (
				en,
				Base,
			);
			mainGroup = 232917C6187C3E2000D869DA;
			productRefGroup = 232917D0187C3E2000D869DA /* Products */;
			projectDirPath = "";
			projectRoot = "";
			targets = (
				232917CE187C3E2000D869DA /* LMPopupViewController */,
				232917F2187C3E2000D869DA /* LMPopupViewControllerTests */,
			);
		};
/* End PBXProject section */

/* Begin PBXResourcesBuildPhase section */
		232917CD187C3E2000D869DA /* Resources */ = {
			isa = PBXResourcesBuildPhase;
			buildActionMask = 2147483647;
			files = (
				232917E9187C3E2000D869DA /* Main_iPad.storyboard in Resources */,
				232917EE187C3E2000D869DA /* Images.xcassets in Resources */,
				232917E6187C3E2000D869DA /* Main_iPhone.storyboard in Resources */,
				232917DD187C3E2000D869DA /* InfoPlist.strings in Resources */,
			);
			runOnlyForDeploymentPostprocessing = 0;
		};
		232917F1187C3E2000D869DA /* Resources */ = {
			isa = PBXResourcesBuildPhase;
			buildActionMask = 2147483647;
			files = (
				232917FF187C3E2000D869DA /* InfoPlist.strings in Resources */,
			);
			runOnlyForDeploymentPostprocessing = 0;
		};
/* End PBXResourcesBuildPhase section */

/* Begin PBXSourcesBuildPhase section */
		232917CB187C3E2000D869DA /* Sources */ = {
			isa = PBXSourcesBuildPhase;
			buildActionMask = 2147483647;
			files = (
				2329180F187C3EB100D869DA /* MJPopupBackgroundView.m in Sources */,
				23291810187C3EB100D869DA /* UIViewController+MJPopupViewController.m in Sources */,
				232917EC187C3E2000D869DA /* ViewController.m in Sources */,
				232917E3187C3E2000D869DA /* AppDelegate.m in Sources */,
				232917DF187C3E2000D869DA /* main.m in Sources */,
			);
			runOnlyForDeploymentPostprocessing = 0;
		};
		232917EF187C3E2000D869DA /* Sources */ = {
			isa = PBXSourcesBuildPhase;
			buildActionMask = 2147483647;
			files = (
				23291801187C3E2000D869DA /* LMPopupViewControllerTests.m in Sources */,
			);
			runOnlyForDeploymentPostprocessing = 0;
		};
/* End PBXSourcesBuildPhase section */

/* Begin PBXTargetDependency section */
		232917F9187C3E2000D869DA /* PBXTargetDependency */ = {
			isa = PBXTargetDependency;
			target = 232917CE187C3E2000D869DA /* LMPopupViewController */;
			targetProxy = 232917F8187C3E2000D869DA /* PBXContainerItemProxy */;
		};
/* End PBXTargetDependency section */

/* Begin PBXVariantGroup section */
		232917DB187C3E2000D869DA /* InfoPlist.strings */ = {
			isa = PBXVariantGroup;
			children = (
				232917DC187C3E2000D869DA /* en */,
			);
			name = InfoPlist.strings;
			sourceTree = "<group>";
		};
		232917E4187C3E2000D869DA /* Main_iPhone.storyboard */ = {
			isa = PBXVariantGroup;
			children = (
				232917E5187C3E2000D869DA /* Base */,
			);
			name = Main_iPhone.storyboard;
			sourceTree = "<group>";
		};
		232917E7187C3E2000D869DA /* Main_iPad.storyboard */ = {
			isa = PBXVariantGroup;
			children = (
				232917E8187C3E2000D869DA /* Base */,
			);
			name = Main_iPad.storyboard;
			sourceTree = "<group>";
		};
		232917FD187C3E2000D869DA /* InfoPlist.strings */ = {
			isa = PBXVariantGroup;
			children = (
				232917FE187C3E2000D869DA /* en */,
			);
			name = InfoPlist.strings;
			sourceTree = "<group>";
		};
/* End PBXVariantGroup section */

/* Begin XCBuildConfiguration section */
		23291802187C3E2000D869DA /* Debug */ = {
			isa = XCBuildConfiguration;
			buildSettings = {
				ALWAYS_SEARCH_USER_PATHS = NO;
				ARCHS = "$(ARCHS_STANDARD_INCLUDING_64_BIT)";
				CLANG_CXX_LANGUAGE_STANDARD = "gnu++0x";
				CLANG_CXX_LIBRARY = "libc++";
				CLANG_ENABLE_MODULES = YES;
				CLANG_ENABLE_OBJC_ARC = YES;
				CLANG_WARN_BOOL_CONVERSION = YES;
				CLANG_WARN_CONSTANT_CONVERSION = YES;
				CLANG_WARN_DIRECT_OBJC_ISA_USAGE = YES_ERROR;
				CLANG_WARN_EMPTY_BODY = YES;
				CLANG_WARN_ENUM_CONVERSION = YES;
				CLANG_WARN_INT_CONVERSION = YES;
				CLANG_WARN_OBJC_ROOT_CLASS = YES_ERROR;
				CLANG_WARN__DUPLICATE_METHOD_MATCH = YES;
				"CODE_SIGN_IDENTITY[sdk=iphoneos*]" = "iPhone Developer";
				COPY_PHASE_STRIP = NO;
				GCC_C_LANGUAGE_STANDARD = gnu99;
				GCC_DYNAMIC_NO_PIC = NO;
				GCC_OPTIMIZATION_LEVEL = 0;
				GCC_PREPROCESSOR_DEFINITIONS = (
					"DEBUG=1",
					"$(inherited)",
				);
				GCC_SYMBOLS_PRIVATE_EXTERN = NO;
				GCC_WARN_64_TO_32_BIT_CONVERSION = YES;
				GCC_WARN_ABOUT_RETURN_TYPE = YES_ERROR;
				GCC_WARN_UNDECLARED_SELECTOR = YES;
				GCC_WARN_UNINITIALIZED_AUTOS = YES;
				GCC_WARN_UNUSED_FUNCTION = YES;
				GCC_WARN_UNUSED_VARIABLE = YES;
				IPHONEOS_DEPLOYMENT_TARGET = 7.0;
				ONLY_ACTIVE_ARCH = YES;
				SDKROOT = iphoneos;
				TARGETED_DEVICE_FAMILY = "1,2";
			};
			name = Debug;
		};
		23291803187C3E2000D869DA /* Release */ = {
			isa = XCBuildConfiguration;
			buildSettings = {
				ALWAYS_SEARCH_USER_PATHS = NO;
				ARCHS = "$(ARCHS_STANDARD_INCLUDING_64_BIT)";
				CLANG_CXX_LANGUAGE_STANDARD = "gnu++0x";
				CLANG_CXX_LIBRARY = "libc++";
				CLANG_ENABLE_MODULES = YES;
				CLANG_ENABLE_OBJC_ARC = YES;
				CLANG_WARN_BOOL_CONVERSION = YES;
				CLANG_WARN_CONSTANT_CONVERSION = YES;
				CLANG_WARN_DIRECT_OBJC_ISA_USAGE = YES_ERROR;
				CLANG_WARN_EMPTY_BODY = YES;
				CLANG_WARN_ENUM_CONVERSION = YES;
				CLANG_WARN_INT_CONVERSION = YES;
				CLANG_WARN_OBJC_ROOT_CLASS = YES_ERROR;
				CLANG_WARN__DUPLICATE_METHOD_MATCH = YES;
				"CODE_SIGN_IDENTITY[sdk=iphoneos*]" = "iPhone Developer";
				COPY_PHASE_STRIP = YES;
				ENABLE_NS_ASSERTIONS = NO;
				GCC_C_LANGUAGE_STANDARD = gnu99;
				GCC_WARN_64_TO_32_BIT_CONVERSION = YES;
				GCC_WARN_ABOUT_RETURN_TYPE = YES_ERROR;
				GCC_WARN_UNDECLARED_SELECTOR = YES;
				GCC_WARN_UNINITIALIZED_AUTOS = YES;
				GCC_WARN_UNUSED_FUNCTION = YES;
				GCC_WARN_UNUSED_VARIABLE = YES;
				IPHONEOS_DEPLOYMENT_TARGET = 7.0;
				SDKROOT = iphoneos;
				TARGETED_DEVICE_FAMILY = "1,2";
				VALIDATE_PRODUCT = YES;
			};
			name = Release;
		};
		23291805187C3E2000D869DA /* Debug */ = {
			isa = XCBuildConfiguration;
			buildSettings = {
				ASSETCATALOG_COMPILER_APPICON_NAME = AppIcon;
				ASSETCATALOG_COMPILER_LAUNCHIMAGE_NAME = LaunchImage;
				GCC_PRECOMPILE_PREFIX_HEADER = YES;
				GCC_PREFIX_HEADER = "LMPopupViewController/LMPopupViewController-Prefix.pch";
				INFOPLIST_FILE = "LMPopupViewController/LMPopupViewController-Info.plist";
				PRODUCT_NAME = "$(TARGET_NAME)";
				WRAPPER_EXTENSION = app;
			};
			name = Debug;
		};
		23291806187C3E2000D869DA /* Release */ = {
			isa = XCBuildConfiguration;
			buildSettings = {
				ASSETCATALOG_COMPILER_APPICON_NAME = AppIcon;
				ASSETCATALOG_COMPILER_LAUNCHIMAGE_NAME = LaunchImage;
				GCC_PRECOMPILE_PREFIX_HEADER = YES;
				GCC_PREFIX_HEADER = "LMPopupViewController/LMPopupViewController-Prefix.pch";
				INFOPLIST_FILE = "LMPopupViewController/LMPopupViewController-Info.plist";
				PRODUCT_NAME = "$(TARGET_NAME)";
				WRAPPER_EXTENSION = app;
			};
			name = Release;
		};
		23291808187C3E2000D869DA /* Debug */ = {
			isa = XCBuildConfiguration;
			buildSettings = {
				ARCHS = "$(ARCHS_STANDARD_INCLUDING_64_BIT)";
				BUNDLE_LOADER = "$(BUILT_PRODUCTS_DIR)/LMPopupViewController.app/LMPopupViewController";
				FRAMEWORK_SEARCH_PATHS = (
					"$(SDKROOT)/Developer/Library/Frameworks",
					"$(inherited)",
					"$(DEVELOPER_FRAMEWORKS_DIR)",
				);
				GCC_PRECOMPILE_PREFIX_HEADER = YES;
				GCC_PREFIX_HEADER = "LMPopupViewController/LMPopupViewController-Prefix.pch";
				GCC_PREPROCESSOR_DEFINITIONS = (
					"DEBUG=1",
					"$(inherited)",
				);
				INFOPLIST_FILE = "LMPopupViewControllerTests/LMPopupViewControllerTests-Info.plist";
				PRODUCT_NAME = "$(TARGET_NAME)";
				TEST_HOST = "$(BUNDLE_LOADER)";
				WRAPPER_EXTENSION = xctest;
			};
			name = Debug;
		};
		23291809187C3E2000D869DA /* Release */ = {
			isa = XCBuildConfiguration;
			buildSettings = {
				ARCHS = "$(ARCHS_STANDARD_INCLUDING_64_BIT)";
				BUNDLE_LOADER = "$(BUILT_PRODUCTS_DIR)/LMPopupViewController.app/LMPopupViewController";
				FRAMEWORK_SEARCH_PATHS = (
					"$(SDKROOT)/Developer/Library/Frameworks",
					"$(inherited)",
					"$(DEVELOPER_FRAMEWORKS_DIR)",
				);
				GCC_PRECOMPILE_PREFIX_HEADER = YES;
				GCC_PREFIX_HEADER = "LMPopupViewController/LMPopupViewController-Prefix.pch";
				INFOPLIST_FILE = "LMPopupViewControllerTests/LMPopupViewControllerTests-Info.plist";
				PRODUCT_NAME = "$(TARGET_NAME)";
				TEST_HOST = "$(BUNDLE_LOADER)";
				WRAPPER_EXTENSION = xctest;
			};
			name = Release;
		};
/* End XCBuildConfiguration section */

/* Begin XCConfigurationList section */
		232917CA187C3E2000D869DA /* Build configuration list for PBXProject "LMPopupViewController" */ = {
			isa = XCConfigurationList;
			buildConfigurations = (
				23291802187C3E2000D869DA /* Debug */,
				23291803187C3E2000D869DA /* Release */,
			);
			defaultConfigurationIsVisible = 0;
			defaultConfigurationName = Release;
		};
		23291804187C3E2000D869DA /* Build configuration list for PBXNativeTarget "LMPopupViewController" */ = {
			isa = XCConfigurationList;
			buildConfigurations = (
				23291805187C3E2000D869DA /* Debug */,
				23291806187C3E2000D869DA /* Release */,
			);
			defaultConfigurationIsVisible = 0;
			defaultConfigurationName = Release;
		};
		23291807187C3E2000D869DA /* Build configuration list for PBXNativeTarget "LMPopupViewControllerTests" */ = {
			isa = XCConfigurationList;
			buildConfigurations = (
				23291808187C3E2000D869DA /* Debug */,
				23291809187C3E2000D869DA /* Release */,
			);
			defaultConfigurationIsVisible = 0;
			defaultConfigurationName = Release;
		};
/* End XCConfigurationList section */
	};
	rootObject = 232917C7187C3E2000D869DA /* Project object */;
}
